PODS:
  - Gloss (1.1.1)
  - IGListKit (2.0.0)

DEPENDENCIES:
  - Gloss (~> 1.1.1)
  - IGListKit (~> 2.0.0)

SPEC CHECKSUMS:
  Gloss: 4a892694cba7387efa4102a51f86110651366b18
  IGListKit: ee255e4e61865bc3e01ca96b690c5435c2887849

PODFILE CHECKSUM: a9a15efb2f75ab466e3f737e6e5cd14a8d384e4a

COCOAPODS: 1.2.0
