// !$*UTF8*$!
{
	archiveVersion = 1;
	classes = {
	};
	objectVersion = 46;
	objects = {

/* Begin PBXBuildFile section */
		55A895B2D58CBF7D6CCFF296 /* Pods_iFlixDemoTests.framework in Frameworks */ = {isa = PBXBuildFile; fileRef = 6342A045B7A7A8E0C8EC978A /* Pods_iFlixDemoTests.framework */; };
		666F97B79B39F6695E1C7CA8 /* Pods_iFlixDemo.framework in Frameworks */ = {isa = PBXBuildFile; fileRef = 60F1EA61F7C8DE4B54C6507F /* Pods_iFlixDemo.framework */; };
		EB6ED5311E7E32870014F620 /* AppDelegate.swift in Sources */ = {isa = PBXBuildFile; fileRef = EB6ED5301E7E32870014F620 /* AppDelegate.swift */; };
		EB6ED5331E7E32870014F620 /* ViewController.swift in Sources */ = {isa = PBXBuildFile; fileRef = EB6ED5321E7E32870014F620 /* ViewController.swift */; };
		EB6ED5361E7E32870014F620 /* Main.storyboard in Resources */ = {isa = PBXBuildFile; fileRef = EB6ED5341E7E32870014F620 /* Main.storyboard */; };
		EB6ED5381E7E32870014F620 /* Assets.xcassets in Resources */ = {isa = PBXBuildFile; fileRef = EB6ED5371E7E32870014F620 /* Assets.xcassets */; };
		EB6ED53B1E7E32870014F620 /* LaunchScreen.storyboard in Resources */ = {isa = PBXBuildFile; fileRef = EB6ED5391E7E32870014F620 /* LaunchScreen.storyboard */; };
		EB6ED5461E7E32870014F620 /* iFlixDemoTests.swift in Sources */ = {isa = PBXBuildFile; fileRef = EB6ED5451E7E32870014F620 /* iFlixDemoTests.swift */; };
		EB6ED5521E7E42AB0014F620 /* DiffUtility.swift in Sources */ = {isa = PBXBuildFile; fileRef = EB6ED5511E7E42AB0014F620 /* DiffUtility.swift */; };
		EB8373391E7E475400196174 /* PopularPeople.json in Resources */ = {isa = PBXBuildFile; fileRef = EB8373381E7E475400196174 /* PopularPeople.json */; };
		EB83733B1E7E479300196174 /* TopRatedMovie.json in Resources */ = {isa = PBXBuildFile; fileRef = EB83733A1E7E479300196174 /* TopRatedMovie.json */; };
		EB83733E1E7E492B00196174 /* Movie.swift in Sources */ = {isa = PBXBuildFile; fileRef = EB83733D1E7E492B00196174 /* Movie.swift */; };
		EB8373401E7E4A7600196174 /* PosterImage.swift in Sources */ = {isa = PBXBuildFile; fileRef = EB83733F1E7E4A7600196174 /* PosterImage.swift */; };
		EB8373431E7E4C3E00196174 /* PosterImageTests.swift in Sources */ = {isa = PBXBuildFile; fileRef = EB8373421E7E4C3E00196174 /* PosterImageTests.swift */; };
		EB8373451E7E522400196174 /* MovieTests.swift in Sources */ = {isa = PBXBuildFile; fileRef = EB8373441E7E522400196174 /* MovieTests.swift */; };
		EB8373491E7E53AD00196174 /* BundleJSONLoader.swift in Sources */ = {isa = PBXBuildFile; fileRef = EB8373481E7E53AD00196174 /* BundleJSONLoader.swift */; };
		EB83734C1E7E53F200196174 /* BundleJSONLoaderTest.swift in Sources */ = {isa = PBXBuildFile; fileRef = EB83734B1E7E53F200196174 /* BundleJSONLoaderTest.swift */; };
		EB83734E1E7E580D00196174 /* movie-example.json in Resources */ = {isa = PBXBuildFile; fileRef = EB8373461E7E535700196174 /* movie-example.json */; };
		EB8373501E7E978900196174 /* ContinueWatching.json in Resources */ = {isa = PBXBuildFile; fileRef = EB83734F1E7E978900196174 /* ContinueWatching.json */; };
		EB8373521E7E987000196174 /* People.swift in Sources */ = {isa = PBXBuildFile; fileRef = EB8373511E7E987000196174 /* People.swift */; };
		EB8373541E7E99EB00196174 /* PeopleTests.swift in Sources */ = {isa = PBXBuildFile; fileRef = EB8373531E7E99EB00196174 /* PeopleTests.swift */; };
/* End PBXBuildFile section */

/* Begin PBXContainerItemProxy section */
		EB6ED5421E7E32870014F620 /* PBXContainerItemProxy */ = {
			isa = PBXContainerItemProxy;
			containerPortal = EB6ED5251E7E32860014F620 /* Project object */;
			proxyType = 1;
			remoteGlobalIDString = EB6ED52C1E7E32860014F620;
			remoteInfo = iFlixDemo;
		};
/* End PBXContainerItemProxy section */

/* Begin PBXFileReference section */
		60F1EA61F7C8DE4B54C6507F /* Pods_iFlixDemo.framework */ = {isa = PBXFileReference; explicitFileType = wrapper.framework; includeInIndex = 0; path = Pods_iFlixDemo.framework; sourceTree = BUILT_PRODUCTS_DIR; };
		6342A045B7A7A8E0C8EC978A /* Pods_iFlixDemoTests.framework */ = {isa = PBXFileReference; explicitFileType = wrapper.framework; includeInIndex = 0; path = Pods_iFlixDemoTests.framework; sourceTree = BUILT_PRODUCTS_DIR; };
		9D004CF036D0D34974F42759 /* Pods-iFlixDemoTests.release.xcconfig */ = {isa = PBXFileReference; includeInIndex = 1; lastKnownFileType = text.xcconfig; name = "Pods-iFlixDemoTests.release.xcconfig"; path = "Pods/Target Support Files/Pods-iFlixDemoTests/Pods-iFlixDemoTests.release.xcconfig"; sourceTree = "<group>"; };
		C6F28DB13144E561E8E8E3A8 /* Pods-iFlixDemoTests.debug.xcconfig */ = {isa = PBXFileReference; includeInIndex = 1; lastKnownFileType = text.xcconfig; name = "Pods-iFlixDemoTests.debug.xcconfig"; path = "Pods/Target Support Files/Pods-iFlixDemoTests/Pods-iFlixDemoTests.debug.xcconfig"; sourceTree = "<group>"; };
		E27D79889A569D5C696C5E0C /* Pods-iFlixDemo.debug.xcconfig */ = {isa = PBXFileReference; includeInIndex = 1; lastKnownFileType = text.xcconfig; name = "Pods-iFlixDemo.debug.xcconfig"; path = "Pods/Target Support Files/Pods-iFlixDemo/Pods-iFlixDemo.debug.xcconfig"; sourceTree = "<group>"; };
		EB6ED52D1E7E32870014F620 /* iFlixDemo.app */ = {isa = PBXFileReference; explicitFileType = wrapper.application; includeInIndex = 0; path = iFlixDemo.app; sourceTree = BUILT_PRODUCTS_DIR; };
		EB6ED5301E7E32870014F620 /* AppDelegate.swift */ = {isa = PBXFileReference; lastKnownFileType = sourcecode.swift; path = AppDelegate.swift; sourceTree = "<group>"; };
		EB6ED5321E7E32870014F620 /* ViewController.swift */ = {isa = PBXFileReference; lastKnownFileType = sourcecode.swift; path = ViewController.swift; sourceTree = "<group>"; };
		EB6ED5351E7E32870014F620 /* Base */ = {isa = PBXFileReference; lastKnownFileType = file.storyboard; name = Base; path = Base.lproj/Main.storyboard; sourceTree = "<group>"; };
		EB6ED5371E7E32870014F620 /* Assets.xcassets */ = {isa = PBXFileReference; lastKnownFileType = folder.assetcatalog; path = Assets.xcassets; sourceTree = "<group>"; };
		EB6ED53A1E7E32870014F620 /* Base */ = {isa = PBXFileReference; lastKnownFileType = file.storyboard; name = Base; path = Base.lproj/LaunchScreen.storyboard; sourceTree = "<group>"; };
		EB6ED53C1E7E32870014F620 /* Info.plist */ = {isa = PBXFileReference; lastKnownFileType = text.plist.xml; path = Info.plist; sourceTree = "<group>"; };
		EB6ED5411E7E32870014F620 /* iFlixDemoTests.xctest */ = {isa = PBXFileReference; explicitFileType = wrapper.cfbundle; includeInIndex = 0; path = iFlixDemoTests.xctest; sourceTree = BUILT_PRODUCTS_DIR; };
		EB6ED5451E7E32870014F620 /* iFlixDemoTests.swift */ = {isa = PBXFileReference; lastKnownFileType = sourcecode.swift; path = iFlixDemoTests.swift; sourceTree = "<group>"; };
		EB6ED5471E7E32870014F620 /* Info.plist */ = {isa = PBXFileReference; lastKnownFileType = text.plist.xml; path = Info.plist; sourceTree = "<group>"; };
		EB6ED5511E7E42AB0014F620 /* DiffUtility.swift */ = {isa = PBXFileReference; fileEncoding = 4; lastKnownFileType = sourcecode.swift; path = DiffUtility.swift; sourceTree = "<group>"; };
		EB8373381E7E475400196174 /* PopularPeople.json */ = {isa = PBXFileReference; fileEncoding = 4; lastKnownFileType = text.json; path = PopularPeople.json; sourceTree = "<group>"; };
		EB83733A1E7E479300196174 /* TopRatedMovie.json */ = {isa = PBXFileReference; fileEncoding = 4; lastKnownFileType = text.json; path = TopRatedMovie.json; sourceTree = "<group>"; };
		EB83733D1E7E492B00196174 /* Movie.swift */ = {isa = PBXFileReference; fileEncoding = 4; lastKnownFileType = sourcecode.swift; path = Movie.swift; sourceTree = "<group>"; };
		EB83733F1E7E4A7600196174 /* PosterImage.swift */ = {isa = PBXFileReference; fileEncoding = 4; lastKnownFileType = sourcecode.swift; path = PosterImage.swift; sourceTree = "<group>"; };
		EB8373421E7E4C3E00196174 /* PosterImageTests.swift */ = {isa = PBXFileReference; fileEncoding = 4; lastKnownFileType = sourcecode.swift; path = PosterImageTests.swift; sourceTree = "<group>"; };
		EB8373441E7E522400196174 /* MovieTests.swift */ = {isa = PBXFileReference; fileEncoding = 4; lastKnownFileType = sourcecode.swift; path = MovieTests.swift; sourceTree = "<group>"; };
		EB8373461E7E535700196174 /* movie-example.json */ = {isa = PBXFileReference; fileEncoding = 4; lastKnownFileType = text.json; path = "movie-example.json"; sourceTree = "<group>"; };
		EB8373481E7E53AD00196174 /* BundleJSONLoader.swift */ = {isa = PBXFileReference; fileEncoding = 4; lastKnownFileType = sourcecode.swift; path = BundleJSONLoader.swift; sourceTree = "<group>"; };
		EB83734B1E7E53F200196174 /* BundleJSONLoaderTest.swift */ = {isa = PBXFileReference; fileEncoding = 4; lastKnownFileType = sourcecode.swift; path = BundleJSONLoaderTest.swift; sourceTree = "<group>"; };
		EB83734F1E7E978900196174 /* ContinueWatching.json */ = {isa = PBXFileReference; fileEncoding = 4; lastKnownFileType = text.json; path = ContinueWatching.json; sourceTree = "<group>"; };
		EB8373511E7E987000196174 /* People.swift */ = {isa = PBXFileReference; fileEncoding = 4; lastKnownFileType = sourcecode.swift; path = People.swift; sourceTree = "<group>"; };
		EB8373531E7E99EB00196174 /* PeopleTests.swift */ = {isa = PBXFileReference; fileEncoding = 4; lastKnownFileType = sourcecode.swift; path = PeopleTests.swift; sourceTree = "<group>"; };
		FB185954FE60B97CE8CB9965 /* Pods-iFlixDemo.release.xcconfig */ = {isa = PBXFileReference; includeInIndex = 1; lastKnownFileType = text.xcconfig; name = "Pods-iFlixDemo.release.xcconfig"; path = "Pods/Target Support Files/Pods-iFlixDemo/Pods-iFlixDemo.release.xcconfig"; sourceTree = "<group>"; };
/* End PBXFileReference section */

/* Begin PBXFrameworksBuildPhase section */
		EB6ED52A1E7E32860014F620 /* Frameworks */ = {
			isa = PBXFrameworksBuildPhase;
			buildActionMask = 2147483647;
			files = (
				666F97B79B39F6695E1C7CA8 /* Pods_iFlixDemo.framework in Frameworks */,
			);
			runOnlyForDeploymentPostprocessing = 0;
		};
		EB6ED53E1E7E32870014F620 /* Frameworks */ = {
			isa = PBXFrameworksBuildPhase;
			buildActionMask = 2147483647;
			files = (
				55A895B2D58CBF7D6CCFF296 /* Pods_iFlixDemoTests.framework in Frameworks */,
			);
			runOnlyForDeploymentPostprocessing = 0;
		};
/* End PBXFrameworksBuildPhase section */

/* Begin PBXGroup section */
		D5A2A5370D82B1592ED3D597 /* Frameworks */ = {
			isa = PBXGroup;
			children = (
				60F1EA61F7C8DE4B54C6507F /* Pods_iFlixDemo.framework */,
				6342A045B7A7A8E0C8EC978A /* Pods_iFlixDemoTests.framework */,
			);
			name = Frameworks;
			sourceTree = "<group>";
		};
		EAAEFC09B518BB07AC703824 /* Pods */ = {
			isa = PBXGroup;
			children = (
				E27D79889A569D5C696C5E0C /* Pods-iFlixDemo.debug.xcconfig */,
				FB185954FE60B97CE8CB9965 /* Pods-iFlixDemo.release.xcconfig */,
				C6F28DB13144E561E8E8E3A8 /* Pods-iFlixDemoTests.debug.xcconfig */,
				9D004CF036D0D34974F42759 /* Pods-iFlixDemoTests.release.xcconfig */,
			);
			name = Pods;
			sourceTree = "<group>";
		};
		EB6ED5241E7E32860014F620 = {
			isa = PBXGroup;
			children = (
				EB6ED52F1E7E32870014F620 /* iFlixDemo */,
				EB6ED5441E7E32870014F620 /* iFlixDemoTests */,
				EB6ED52E1E7E32870014F620 /* Products */,
				EAAEFC09B518BB07AC703824 /* Pods */,
				D5A2A5370D82B1592ED3D597 /* Frameworks */,
			);
			sourceTree = "<group>";
		};
		EB6ED52E1E7E32870014F620 /* Products */ = {
			isa = PBXGroup;
			children = (
				EB6ED52D1E7E32870014F620 /* iFlixDemo.app */,
				EB6ED5411E7E32870014F620 /* iFlixDemoTests.xctest */,
			);
			name = Products;
			sourceTree = "<group>";
		};
		EB6ED52F1E7E32870014F620 /* iFlixDemo */ = {
			isa = PBXGroup;
			children = (
				EB83733C1E7E489000196174 /* Model */,
				EB8373351E7E463900196174 /* JSONSource */,
				EB6ED5501E7E42A20014F620 /* Utility */,
				EB6ED5301E7E32870014F620 /* AppDelegate.swift */,
				EB6ED5321E7E32870014F620 /* ViewController.swift */,
				EB6ED5341E7E32870014F620 /* Main.storyboard */,
				EB6ED5371E7E32870014F620 /* Assets.xcassets */,
				EB6ED5391E7E32870014F620 /* LaunchScreen.storyboard */,
				EB6ED53C1E7E32870014F620 /* Info.plist */,
			);
			path = iFlixDemo;
			sourceTree = "<group>";
		};
		EB6ED5441E7E32870014F620 /* iFlixDemoTests */ = {
			isa = PBXGroup;
			children = (
				EB83734A1E7E53E000196174 /* Utility */,
				EB8373411E7E4C2200196174 /* Model */,
				EB6ED5451E7E32870014F620 /* iFlixDemoTests.swift */,
				EB6ED5471E7E32870014F620 /* Info.plist */,
				EB8373461E7E535700196174 /* movie-example.json */,
			);
			path = iFlixDemoTests;
			sourceTree = "<group>";
		};
		EB6ED5501E7E42A20014F620 /* Utility */ = {
			isa = PBXGroup;
			children = (
				EB6ED5511E7E42AB0014F620 /* DiffUtility.swift */,
				EB8373481E7E53AD00196174 /* BundleJSONLoader.swift */,
			);
			path = Utility;
			sourceTree = "<group>";
		};
		EB8373351E7E463900196174 /* JSONSource */ = {
			isa = PBXGroup;
			children = (
				EB8373381E7E475400196174 /* PopularPeople.json */,
				EB83733A1E7E479300196174 /* TopRatedMovie.json */,
				EB83734F1E7E978900196174 /* ContinueWatching.json */,
			);
			path = JSONSource;
			sourceTree = "<group>";
		};
		EB83733C1E7E489000196174 /* Model */ = {
			isa = PBXGroup;
			children = (
				EB83733D1E7E492B00196174 /* Movie.swift */,
				EB83733F1E7E4A7600196174 /* PosterImage.swift */,
				EB8373511E7E987000196174 /* People.swift */,
			);
			path = Model;
			sourceTree = "<group>";
		};
		EB8373411E7E4C2200196174 /* Model */ = {
			isa = PBXGroup;
			children = (
				EB8373421E7E4C3E00196174 /* PosterImageTests.swift */,
				EB8373441E7E522400196174 /* MovieTests.swift */,
				EB8373531E7E99EB00196174 /* PeopleTests.swift */,
			);
			name = Model;
			sourceTree = "<group>";
		};
		EB83734A1E7E53E000196174 /* Utility */ = {
			isa = PBXGroup;
			children = (
				EB83734B1E7E53F200196174 /* BundleJSONLoaderTest.swift */,
			);
			name = Utility;
			sourceTree = "<group>";
		};
/* End PBXGroup section */

/* Begin PBXNativeTarget section */
		EB6ED52C1E7E32860014F620 /* iFlixDemo */ = {
			isa = PBXNativeTarget;
			buildConfigurationList = EB6ED54A1E7E32870014F620 /* Build configuration list for PBXNativeTarget "iFlixDemo" */;
			buildPhases = (
				341B8EB3599B2C107DE93967 /* [CP] Check Pods Manifest.lock */,
				EB6ED5291E7E32860014F620 /* Sources */,
				EB6ED52A1E7E32860014F620 /* Frameworks */,
				EB6ED52B1E7E32860014F620 /* Resources */,
				50B0138C229A26369866C6D0 /* [CP] Embed Pods Frameworks */,
				F879636739E837A6C58AF1CB /* [CP] Copy Pods Resources */,
			);
			buildRules = (
			);
			dependencies = (
			);
			name = iFlixDemo;
			productName = iFlixDemo;
			productReference = EB6ED52D1E7E32870014F620 /* iFlixDemo.app */;
			productType = "com.apple.product-type.application";
		};
		EB6ED5401E7E32870014F620 /* iFlixDemoTests */ = {
			isa = PBXNativeTarget;
			buildConfigurationList = EB6ED54D1E7E32870014F620 /* Build configuration list for PBXNativeTarget "iFlixDemoTests" */;
			buildPhases = (
				2500735FD7508C81EF6F5F4C /* [CP] Check Pods Manifest.lock */,
				EB6ED53D1E7E32870014F620 /* Sources */,
				EB6ED53E1E7E32870014F620 /* Frameworks */,
				EB6ED53F1E7E32870014F620 /* Resources */,
				87A0929AC6792C91912C3727 /* [CP] Embed Pods Frameworks */,
				6FBBE79CF21DAFE7B291D6E4 /* [CP] Copy Pods Resources */,
			);
			buildRules = (
			);
			dependencies = (
				EB6ED5431E7E32870014F620 /* PBXTargetDependency */,
			);
			name = iFlixDemoTests;
			productName = iFlixDemoTests;
			productReference = EB6ED5411E7E32870014F620 /* iFlixDemoTests.xctest */;
			productType = "com.apple.product-type.bundle.unit-test";
		};
/* End PBXNativeTarget section */

/* Begin PBXProject section */
		EB6ED5251E7E32860014F620 /* Project object */ = {
			isa = PBXProject;
			attributes = {
				LastSwiftUpdateCheck = 0820;
				LastUpgradeCheck = 0820;
				ORGANIZATIONNAME = "Wahyu Sumartha ";
				TargetAttributes = {
					EB6ED52C1E7E32860014F620 = {
						CreatedOnToolsVersion = 8.2.1;
						ProvisioningStyle = Automatic;
					};
					EB6ED5401E7E32870014F620 = {
						CreatedOnToolsVersion = 8.2.1;
						ProvisioningStyle = Automatic;
						TestTargetID = EB6ED52C1E7E32860014F620;
					};
				};
			};
			buildConfigurationList = EB6ED5281E7E32860014F620 /* Build configuration list for PBXProject "iFlixDemo" */;
			compatibilityVersion = "Xcode 3.2";
			developmentRegion = English;
			hasScannedForEncodings = 0;
			knownRegions = (
				en,
				Base,
			);
			mainGroup = EB6ED5241E7E32860014F620;
			productRefGroup = EB6ED52E1E7E32870014F620 /* Products */;
			projectDirPath = "";
			projectRoot = "";
			targets = (
				EB6ED52C1E7E32860014F620 /* iFlixDemo */,
				EB6ED5401E7E32870014F620 /* iFlixDemoTests */,
			);
		};
/* End PBXProject section */

/* Begin PBXResourcesBuildPhase section */
		EB6ED52B1E7E32860014F620 /* Resources */ = {
			isa = PBXResourcesBuildPhase;
			buildActionMask = 2147483647;
			files = (
				EB8373391E7E475400196174 /* PopularPeople.json in Resources */,
				EB83733B1E7E479300196174 /* TopRatedMovie.json in Resources */,
				EB6ED53B1E7E32870014F620 /* LaunchScreen.storyboard in Resources */,
				EB83734E1E7E580D00196174 /* movie-example.json in Resources */,
				EB6ED5381E7E32870014F620 /* Assets.xcassets in Resources */,
				EB8373501E7E978900196174 /* ContinueWatching.json in Resources */,
				EB6ED5361E7E32870014F620 /* Main.storyboard in Resources */,
			);
			runOnlyForDeploymentPostprocessing = 0;
		};
		EB6ED53F1E7E32870014F620 /* Resources */ = {
			isa = PBXResourcesBuildPhase;
			buildActionMask = 2147483647;
			files = (
			);
			runOnlyForDeploymentPostprocessing = 0;
		};
/* End PBXResourcesBuildPhase section */

/* Begin PBXShellScriptBuildPhase section */
		2500735FD7508C81EF6F5F4C /* [CP] Check Pods Manifest.lock */ = {
			isa = PBXShellScriptBuildPhase;
			buildActionMask = 2147483647;
			files = (
			);
			inputPaths = (
			);
			name = "[CP] Check Pods Manifest.lock";
			outputPaths = (
			);
			runOnlyForDeploymentPostprocessing = 0;
			shellPath = /bin/sh;
			shellScript = "diff \"${PODS_ROOT}/../Podfile.lock\" \"${PODS_ROOT}/Manifest.lock\" > /dev/null\nif [ $? != 0 ] ; then\n    # print error to STDERR\n    echo \"error: The sandbox is not in sync with the Podfile.lock. Run 'pod install' or update your CocoaPods installation.\" >&2\n    exit 1\nfi\n";
			showEnvVarsInLog = 0;
		};
		341B8EB3599B2C107DE93967 /* [CP] Check Pods Manifest.lock */ = {
			isa = PBXShellScriptBuildPhase;
			buildActionMask = 2147483647;
			files = (
			);
			inputPaths = (
			);
			name = "[CP] Check Pods Manifest.lock";
			outputPaths = (
			);
			runOnlyForDeploymentPostprocessing = 0;
			shellPath = /bin/sh;
			shellScript = "diff \"${PODS_ROOT}/../Podfile.lock\" \"${PODS_ROOT}/Manifest.lock\" > /dev/null\nif [ $? != 0 ] ; then\n    # print error to STDERR\n    echo \"error: The sandbox is not in sync with the Podfile.lock. Run 'pod install' or update your CocoaPods installation.\" >&2\n    exit 1\nfi\n";
			showEnvVarsInLog = 0;
		};
		50B0138C229A26369866C6D0 /* [CP] Embed Pods Frameworks */ = {
			isa = PBXShellScriptBuildPhase;
			buildActionMask = 2147483647;
			files = (
			);
			inputPaths = (
			);
			name = "[CP] Embed Pods Frameworks";
			outputPaths = (
			);
			runOnlyForDeploymentPostprocessing = 0;
			shellPath = /bin/sh;
			shellScript = "\"${SRCROOT}/Pods/Target Support Files/Pods-iFlixDemo/Pods-iFlixDemo-frameworks.sh\"\n";
			showEnvVarsInLog = 0;
		};
		6FBBE79CF21DAFE7B291D6E4 /* [CP] Copy Pods Resources */ = {
			isa = PBXShellScriptBuildPhase;
			buildActionMask = 2147483647;
			files = (
			);
			inputPaths = (
			);
			name = "[CP] Copy Pods Resources";
			outputPaths = (
			);
			runOnlyForDeploymentPostprocessing = 0;
			shellPath = /bin/sh;
			shellScript = "\"${SRCROOT}/Pods/Target Support Files/Pods-iFlixDemoTests/Pods-iFlixDemoTests-resources.sh\"\n";
			showEnvVarsInLog = 0;
		};
		87A0929AC6792C91912C3727 /* [CP] Embed Pods Frameworks */ = {
			isa = PBXShellScriptBuildPhase;
			buildActionMask = 2147483647;
			files = (
			);
			inputPaths = (
			);
			name = "[CP] Embed Pods Frameworks";
			outputPaths = (
			);
			runOnlyForDeploymentPostprocessing = 0;
			shellPath = /bin/sh;
			shellScript = "\"${SRCROOT}/Pods/Target Support Files/Pods-iFlixDemoTests/Pods-iFlixDemoTests-frameworks.sh\"\n";
			showEnvVarsInLog = 0;
		};
		F879636739E837A6C58AF1CB /* [CP] Copy Pods Resources */ = {
			isa = PBXShellScriptBuildPhase;
			buildActionMask = 2147483647;
			files = (
			);
			inputPaths = (
			);
			name = "[CP] Copy Pods Resources";
			outputPaths = (
			);
			runOnlyForDeploymentPostprocessing = 0;
			shellPath = /bin/sh;
			shellScript = "\"${SRCROOT}/Pods/Target Support Files/Pods-iFlixDemo/Pods-iFlixDemo-resources.sh\"\n";
			showEnvVarsInLog = 0;
		};
/* End PBXShellScriptBuildPhase section */

/* Begin PBXSourcesBuildPhase section */
		EB6ED5291E7E32860014F620 /* Sources */ = {
			isa = PBXSourcesBuildPhase;
			buildActionMask = 2147483647;
			files = (
				EB6ED5521E7E42AB0014F620 /* DiffUtility.swift in Sources */,
				EB6ED5331E7E32870014F620 /* ViewController.swift in Sources */,
				EB8373491E7E53AD00196174 /* BundleJSONLoader.swift in Sources */,
				EB8373401E7E4A7600196174 /* PosterImage.swift in Sources */,
				EB83733E1E7E492B00196174 /* Movie.swift in Sources */,
				EB6ED5311E7E32870014F620 /* AppDelegate.swift in Sources */,
				EB8373521E7E987000196174 /* People.swift in Sources */,
			);
			runOnlyForDeploymentPostprocessing = 0;
		};
		EB6ED53D1E7E32870014F620 /* Sources */ = {
			isa = PBXSourcesBuildPhase;
			buildActionMask = 2147483647;
			files = (
				EB8373541E7E99EB00196174 /* PeopleTests.swift in Sources */,
				EB83734C1E7E53F200196174 /* BundleJSONLoaderTest.swift in Sources */,
				EB8373431E7E4C3E00196174 /* PosterImageTests.swift in Sources */,
				EB8373451E7E522400196174 /* MovieTests.swift in Sources */,
				EB6ED5461E7E32870014F620 /* iFlixDemoTests.swift in Sources */,
			);
			runOnlyForDeploymentPostprocessing = 0;
		};
/* End PBXSourcesBuildPhase section */

/* Begin PBXTargetDependency section */
		EB6ED5431E7E32870014F620 /* PBXTargetDependency */ = {
			isa = PBXTargetDependency;
			target = EB6ED52C1E7E32860014F620 /* iFlixDemo */;
			targetProxy = EB6ED5421E7E32870014F620 /* PBXContainerItemProxy */;
		};
/* End PBXTargetDependency section */

/* Begin PBXVariantGroup section */
		EB6ED5341E7E32870014F620 /* Main.storyboard */ = {
			isa = PBXVariantGroup;
			children = (
				EB6ED5351E7E32870014F620 /* Base */,
			);
			name = Main.storyboard;
			sourceTree = "<group>";
		};
		EB6ED5391E7E32870014F620 /* LaunchScreen.storyboard */ = {
			isa = PBXVariantGroup;
			children = (
				EB6ED53A1E7E32870014F620 /* Base */,
			);
			name = LaunchScreen.storyboard;
			sourceTree = "<group>";
		};
/* End PBXVariantGroup section */

/* Begin XCBuildConfiguration section */
		EB6ED5481E7E32870014F620 /* Debug */ = {
			isa = XCBuildConfiguration;
			buildSettings = {
				ALWAYS_SEARCH_USER_PATHS = NO;
				CLANG_ANALYZER_NONNULL = YES;
				CLANG_CXX_LANGUAGE_STANDARD = "gnu++0x";
				CLANG_CXX_LIBRARY = "libc++";
				CLANG_ENABLE_MODULES = YES;
				CLANG_ENABLE_OBJC_ARC = YES;
				CLANG_WARN_BOOL_CONVERSION = YES;
				CLANG_WARN_CONSTANT_CONVERSION = YES;
				CLANG_WARN_DIRECT_OBJC_ISA_USAGE = YES_ERROR;
				CLANG_WARN_DOCUMENTATION_COMMENTS = YES;
				CLANG_WARN_EMPTY_BODY = YES;
				CLANG_WARN_ENUM_CONVERSION = YES;
				CLANG_WARN_INFINITE_RECURSION = YES;
				CLANG_WARN_INT_CONVERSION = YES;
				CLANG_WARN_OBJC_ROOT_CLASS = YES_ERROR;
				CLANG_WARN_SUSPICIOUS_MOVE = YES;
				CLANG_WARN_UNREACHABLE_CODE = YES;
				CLANG_WARN__DUPLICATE_METHOD_MATCH = YES;
				"CODE_SIGN_IDENTITY[sdk=iphoneos*]" = "iPhone Developer";
				COPY_PHASE_STRIP = NO;
				DEBUG_INFORMATION_FORMAT = dwarf;
				ENABLE_STRICT_OBJC_MSGSEND = YES;
				ENABLE_TESTABILITY = YES;
				GCC_C_LANGUAGE_STANDARD = gnu99;
				GCC_DYNAMIC_NO_PIC = NO;
				GCC_NO_COMMON_BLOCKS = YES;
				GCC_OPTIMIZATION_LEVEL = 0;
				GCC_PREPROCESSOR_DEFINITIONS = (
					"DEBUG=1",
					"$(inherited)",
				);
				GCC_WARN_64_TO_32_BIT_CONVERSION = YES;
				GCC_WARN_ABOUT_RETURN_TYPE = YES_ERROR;
				GCC_WARN_UNDECLARED_SELECTOR = YES;
				GCC_WARN_UNINITIALIZED_AUTOS = YES_AGGRESSIVE;
				GCC_WARN_UNUSED_FUNCTION = YES;
				GCC_WARN_UNUSED_VARIABLE = YES;
				IPHONEOS_DEPLOYMENT_TARGET = 10.2;
				MTL_ENABLE_DEBUG_INFO = YES;
				ONLY_ACTIVE_ARCH = YES;
				SDKROOT = iphoneos;
				SWIFT_ACTIVE_COMPILATION_CONDITIONS = DEBUG;
				SWIFT_OPTIMIZATION_LEVEL = "-Onone";
				TARGETED_DEVICE_FAMILY = "1,2";
			};
			name = Debug;
		};
		EB6ED5491E7E32870014F620 /* Release */ = {
			isa = XCBuildConfiguration;
			buildSettings = {
				ALWAYS_SEARCH_USER_PATHS = NO;
				CLANG_ANALYZER_NONNULL = YES;
				CLANG_CXX_LANGUAGE_STANDARD = "gnu++0x";
				CLANG_CXX_LIBRARY = "libc++";
				CLANG_ENABLE_MODULES = YES;
				CLANG_ENABLE_OBJC_ARC = YES;
				CLANG_WARN_BOOL_CONVERSION = YES;
				CLANG_WARN_CONSTANT_CONVERSION = YES;
				CLANG_WARN_DIRECT_OBJC_ISA_USAGE = YES_ERROR;
				CLANG_WARN_DOCUMENTATION_COMMENTS = YES;
				CLANG_WARN_EMPTY_BODY = YES;
				CLANG_WARN_ENUM_CONVERSION = YES;
				CLANG_WARN_INFINITE_RECURSION = YES;
				CLANG_WARN_INT_CONVERSION = YES;
				CLANG_WARN_OBJC_ROOT_CLASS = YES_ERROR;
				CLANG_WARN_SUSPICIOUS_MOVE = YES;
				CLANG_WARN_UNREACHABLE_CODE = YES;
				CLANG_WARN__DUPLICATE_METHOD_MATCH = YES;
				"CODE_SIGN_IDENTITY[sdk=iphoneos*]" = "iPhone Developer";
				COPY_PHASE_STRIP = NO;
				DEBUG_INFORMATION_FORMAT = "dwarf-with-dsym";
				ENABLE_NS_ASSERTIONS = NO;
				ENABLE_STRICT_OBJC_MSGSEND = YES;
				GCC_C_LANGUAGE_STANDARD = gnu99;
				GCC_NO_COMMON_BLOCKS = YES;
				GCC_WARN_64_TO_32_BIT_CONVERSION = YES;
				GCC_WARN_ABOUT_RETURN_TYPE = YES_ERROR;
				GCC_WARN_UNDECLARED_SELECTOR = YES;
				GCC_WARN_UNINITIALIZED_AUTOS = YES_AGGRESSIVE;
				GCC_WARN_UNUSED_FUNCTION = YES;
				GCC_WARN_UNUSED_VARIABLE = YES;
				IPHONEOS_DEPLOYMENT_TARGET = 10.2;
				MTL_ENABLE_DEBUG_INFO = NO;
				SDKROOT = iphoneos;
				SWIFT_OPTIMIZATION_LEVEL = "-Owholemodule";
				TARGETED_DEVICE_FAMILY = "1,2";
				VALIDATE_PRODUCT = YES;
			};
			name = Release;
		};
		EB6ED54B1E7E32870014F620 /* Debug */ = {
			isa = XCBuildConfiguration;
			baseConfigurationReference = E27D79889A569D5C696C5E0C /* Pods-iFlixDemo.debug.xcconfig */;
			buildSettings = {
				ASSETCATALOG_COMPILER_APPICON_NAME = AppIcon;
				INFOPLIST_FILE = iFlixDemo/Info.plist;
				LD_RUNPATH_SEARCH_PATHS = "$(inherited) @executable_path/Frameworks";
				PRODUCT_BUNDLE_IDENTIFIER = me.sumartha.iFlixDemo;
				PRODUCT_NAME = "$(TARGET_NAME)";
				SWIFT_VERSION = 3.0;
			};
			name = Debug;
		};
		EB6ED54C1E7E32870014F620 /* Release */ = {
			isa = XCBuildConfiguration;
			baseConfigurationReference = FB185954FE60B97CE8CB9965 /* Pods-iFlixDemo.release.xcconfig */;
			buildSettings = {
				ASSETCATALOG_COMPILER_APPICON_NAME = AppIcon;
				INFOPLIST_FILE = iFlixDemo/Info.plist;
				LD_RUNPATH_SEARCH_PATHS = "$(inherited) @executable_path/Frameworks";
				PRODUCT_BUNDLE_IDENTIFIER = me.sumartha.iFlixDemo;
				PRODUCT_NAME = "$(TARGET_NAME)";
				SWIFT_VERSION = 3.0;
			};
			name = Release;
		};
		EB6ED54E1E7E32870014F620 /* Debug */ = {
			isa = XCBuildConfiguration;
			baseConfigurationReference = C6F28DB13144E561E8E8E3A8 /* Pods-iFlixDemoTests.debug.xcconfig */;
			buildSettings = {
				ALWAYS_EMBED_SWIFT_STANDARD_LIBRARIES = YES;
				BUNDLE_LOADER = "$(TEST_HOST)";
				INFOPLIST_FILE = iFlixDemoTests/Info.plist;
				LD_RUNPATH_SEARCH_PATHS = "$(inherited) @executable_path/Frameworks @loader_path/Frameworks";
				PRODUCT_BUNDLE_IDENTIFIER = me.sumartha.iFlixDemoTests;
				PRODUCT_NAME = "$(TARGET_NAME)";
				SWIFT_VERSION = 3.0;
				TEST_HOST = "$(BUILT_PRODUCTS_DIR)/iFlixDemo.app/iFlixDemo";
			};
			name = Debug;
		};
		EB6ED54F1E7E32870014F620 /* Release */ = {
			isa = XCBuildConfiguration;
			baseConfigurationReference = 9D004CF036D0D34974F42759 /* Pods-iFlixDemoTests.release.xcconfig */;
			buildSettings = {
				ALWAYS_EMBED_SWIFT_STANDARD_LIBRARIES = YES;
				BUNDLE_LOADER = "$(TEST_HOST)";
				INFOPLIST_FILE = iFlixDemoTests/Info.plist;
				LD_RUNPATH_SEARCH_PATHS = "$(inherited) @executable_path/Frameworks @loader_path/Frameworks";
				PRODUCT_BUNDLE_IDENTIFIER = me.sumartha.iFlixDemoTests;
				PRODUCT_NAME = "$(TARGET_NAME)";
				SWIFT_VERSION = 3.0;
				TEST_HOST = "$(BUILT_PRODUCTS_DIR)/iFlixDemo.app/iFlixDemo";
			};
			name = Release;
		};
/* End XCBuildConfiguration section */

/* Begin XCConfigurationList section */
		EB6ED5281E7E32860014F620 /* Build configuration list for PBXProject "iFlixDemo" */ = {
			isa = XCConfigurationList;
			buildConfigurations = (
				EB6ED5481E7E32870014F620 /* Debug */,
				EB6ED5491E7E32870014F620 /* Release */,
			);
			defaultConfigurationIsVisible = 0;
			defaultConfigurationName = Release;
		};
		EB6ED54A1E7E32870014F620 /* Build configuration list for PBXNativeTarget "iFlixDemo" */ = {
			isa = XCConfigurationList;
			buildConfigurations = (
				EB6ED54B1E7E32870014F620 /* Debug */,
				EB6ED54C1E7E32870014F620 /* Release */,
			);
			defaultConfigurationIsVisible = 0;
			defaultConfigurationName = Release;
		};
		EB6ED54D1E7E32870014F620 /* Build configuration list for PBXNativeTarget "iFlixDemoTests" */ = {
			isa = XCConfigurationList;
			buildConfigurations = (
				EB6ED54E1E7E32870014F620 /* Debug */,
				EB6ED54F1E7E32870014F620 /* Release */,
			);
			defaultConfigurationIsVisible = 0;
			defaultConfigurationName = Release;
		};
/* End XCConfigurationList section */
	};
	rootObject = EB6ED5251E7E32860014F620 /* Project object */;
}
